# THIS IS AN AUTOGENERATED FILE. DO NOT EDIT THIS FILE DIRECTLY.
# yarn lockfile v1


"@geut/discovery-swarm-webrtc@^4.0.1":
  version "4.3.1"
  resolved "https://registry.yarnpkg.com/@geut/discovery-swarm-webrtc/-/discovery-swarm-webrtc-4.3.1.tgz#e2f9ad4ad76a5c9e1185e9c14cc4eee1f006d0e6"
  integrity sha512-PVm8d6SRZRjNXI2J4kbRuaOBwABq1FW6wD5ivWxKnwycAJTD2bk0EAylFfZMd7cZL6xgaICCLUpnFJhlOagOww==
  dependencies:
    debug "^4.1.1"
    end-of-stream "^1.4.4"
    minimist "^1.2.0"
    mostly-minimal-spanning-tree "^1.0.2"
    nanocustomassert "^1.0.0"
    nanoerror "^1.1.0"
    pump "^3.0.0"
    socket-signal-websocket "^9.1.0"

"@hyperswarm/dht@^4.0.0":
  version "4.0.1"
  resolved "https://registry.yarnpkg.com/@hyperswarm/dht/-/dht-4.0.1.tgz#f04b49e672c4cfef696e674dbb462f97d9f7a89e"
  integrity sha512-wMBbz0m8rgQMERt/Ot6BGo5Y8+ovJSZmqxF0oA2xYPT8vCVBIr8g2F1BkQcLbX2iKRLXRnhic02OEq8b41M0sw==
  dependencies:
    "@hyperswarm/hypersign" "^2.0.0"
    dht-rpc "^4.8.0"
    end-of-stream "^1.4.1"
    guard-timeout "^2.0.0"
    hashlru "^2.3.0"
    protocol-buffers-encodings "^1.1.0"
    record-cache "^1.1.0"
    sodium-native "^3.1.1"

"@hyperswarm/discovery@^2.0.0":
  version "2.0.1"
  resolved "https://registry.yarnpkg.com/@hyperswarm/discovery/-/discovery-2.0.1.tgz#bbca0bb89340c8074e29b65e74dc17196284f1de"
  integrity sha512-LM0DxxXYFEOZoUhN4g9VhHKGeM2mQIf8rnfSu/epBLmASAKNoKMijgGUZwhrh06wPROdBSJumjVzKl+8GPnRhA==
  dependencies:
    "@hyperswarm/dht" "^4.0.0"
    multicast-dns "^7.2.2"
    timeout-refresh "^1.0.2"

"@hyperswarm/hypersign@^2.0.0":
  version "2.1.1"
  resolved "https://registry.yarnpkg.com/@hyperswarm/hypersign/-/hypersign-2.1.1.tgz#4eb7035e86b23959686ce0cb5165e3bd27641618"
  integrity sha512-RcczqJsu2VScRoyJdLbxpYMBNq+73HJT3FVzDZXSOob/WqEeiN2WIvuDtvmFoufAuO/3YVfde/NpZFc/OPjmjw==
  dependencies:
    sodium-native "^3.1.1"

"@hyperswarm/network@^2.1.0":
  version "2.1.0"
  resolved "https://registry.yarnpkg.com/@hyperswarm/network/-/network-2.1.0.tgz#88cbc9edbe08db01e3ff399678fb38d220eed172"
  integrity sha512-TvRRRd//a3q+JhpSh5PaHJfnP4oLM/0eZikyDh2Z+eaJpIZP+vZwdlpPd10neTsPq1zfJX8weRjYLFHNpoMZVg==
  dependencies:
    "@hyperswarm/discovery" "^2.0.0"
    nanoresource "^1.3.0"
    utp-native "^2.2.1"

"@leichtgewicht/ip-codec@^2.0.1":
  version "2.0.3"
  resolved "https://registry.yarnpkg.com/@leichtgewicht/ip-codec/-/ip-codec-2.0.3.tgz#0300943770e04231041a51bd39f0439b5c7ab4f0"
  integrity sha512-nkalE/f1RvRGChwBnEIoBfSEYOXnCRdleKuv6+lePbMDrMZXeDQnqak5XDOeBgrPPyPfAdcCu/B5z+v3VhplGg==

"@peculiar/asn1-schema@^2.0.38":
  version "2.0.44"
  resolved "https://registry.yarnpkg.com/@peculiar/asn1-schema/-/asn1-schema-2.0.44.tgz#dcb1b8f84a4dd5f07f674028beade9c3de43cc06"
  integrity sha512-uaCnjQ9A9WwQSMuDJcNOCYEPXTahgKbFMvI7eMOMd8lXgx0J1eU7F3BoMsK5PFxa3dVUxjSQbaOjfgGoeHGgoQ==
  dependencies:
    "@types/asn1js" "^2.0.2"
    asn1js "^2.1.1"
    pvtsutils "^1.2.1"
    tslib "^2.3.0"

"@peculiar/json-schema@^1.1.12":
  version "1.1.12"
  resolved "https://registry.yarnpkg.com/@peculiar/json-schema/-/json-schema-1.1.12.tgz#fe61e85259e3b5ba5ad566cb62ca75b3d3cd5339"
  integrity sha512-coUfuoMeIB7B8/NMekxaDzLhaYmp0HZNPEjYRm9goRou8UZIC3z21s0sL9AWoCw4EG876QyO3kYrc61WNF9B/w==
  dependencies:
    tslib "^2.0.0"

"@peculiar/webcrypto@^1.1.1":
  version "1.2.2"
  resolved "https://registry.yarnpkg.com/@peculiar/webcrypto/-/webcrypto-1.2.2.tgz#bc0532c26191fbb100099b67996f797c170a013a"
  integrity sha512-xb8MEgfq93TAkIb70kn+llZgIFQwhdiCiOJHzekVTAS74Y+ae5bZn8KEsuycop/LXAm1kx+Kad/v9eTDTWuY/w==
  dependencies:
    "@peculiar/asn1-schema" "^2.0.38"
    "@peculiar/json-schema" "^1.1.12"
    pvtsutils "^1.2.1"
    tslib "^2.3.1"
    webcrypto-core "^1.3.0"

"@types/asn1js@^2.0.2":
  version "2.0.2"
  resolved "https://registry.yarnpkg.com/@types/asn1js/-/asn1js-2.0.2.tgz#bb1992291381b5f06e22a829f2ae009267cdf8c5"
  integrity sha512-t4YHCgtD+ERvH0FyxvNlYwJ2ezhqw7t+Ygh4urQ7dJER8i185JPv6oIM3ey5YQmGN6Zp9EMbpohkjZi9t3UxwA==

addressparser@^0.3.2:
  version "0.3.2"
  resolved "https://registry.yarnpkg.com/addressparser/-/addressparser-0.3.2.tgz#59873f35e8fcf6c7361c10239261d76e15348bb2"
  integrity sha1-WYc/Nej89sc2HBAjkmHXbhU0i7I=

asn1js@^2.1.1:
  version "2.1.1"
  resolved "https://registry.yarnpkg.com/asn1js/-/asn1js-2.1.1.tgz#bb3896191ebb5fb1caeda73436a6c6e20a2eedff"
  integrity sha512-t9u0dU0rJN4ML+uxgN6VM2Z4H5jWIYm0w8LsZLzMJaQsgL3IJNbxHgmbWDvJAwspyHpDFuzUaUFh4c05UB4+6g==
  dependencies:
    pvutils latest

async-limiter@~1.0.0:
  version "1.0.1"
  resolved "https://registry.yarnpkg.com/async-limiter/-/async-limiter-1.0.1.tgz#dd379e94f0db8310b08291f9d64c3209766617fd"
  integrity sha512-csOlWGAcRFJaI6m+F2WKdnMKr4HhdhFVBk0H/QbJFMCr+uO2kwohwXQPxw/9OCxp05r5ghVBFSyioixx3gfkNQ==

axios@^0.24.0:
  version "0.24.0"
  resolved "https://registry.yarnpkg.com/axios/-/axios-0.24.0.tgz#804e6fa1e4b9c5288501dd9dff56a7a0940d20d6"
  integrity sha512-Q6cWsys88HoPgAaFAVUb0WpPk0O8iTeisR9IMqy9G8AbO4NlpVknrnQS03zzF9PGAWgO3cgletO3VjV/P7VztA==
  dependencies:
    follow-redirects "^1.14.4"

b4a@^1.0.1:
  version "1.1.2"
  resolved "https://registry.yarnpkg.com/b4a/-/b4a-1.1.2.tgz#9af795775e01c7ce1c190ca41884255e3aca7e32"
  integrity sha512-mL0ZchJqyNLojO7XxJ7VYk5lws0RVFvjDiLilAbJTsClbpIE1ESUOBNKQaRIXmlZgoU8ckusIEeOrWEbFuDymg==

base64-js@^1.3.1:
  version "1.5.1"
  resolved "https://registry.yarnpkg.com/base64-js/-/base64-js-1.5.1.tgz#1b1b440160a5bf7ad40b650f095963481903930a"
  integrity sha512-AKpaYlHn8t4SVbOHCy+b5+KKgvR4vrsD8vbvrbiQJps7fKDTkjkDry6ji0rUJjC0kzbNePLwzxq8iypo41qeWA==

blake2b-universal@^1.0.0:
  version "1.0.1"
  resolved "https://registry.yarnpkg.com/blake2b-universal/-/blake2b-universal-1.0.1.tgz#c2d9c1256898f78392dafd73d590894393de9494"
  integrity sha512-vmMqpF8E9RCde8/+Su/s2rZRxOBwAYQsTyCgok4kLWhWrzMrX0CzID6pVheNJSESY0S0FNTOG4QfRJqnSLOjFA==
  dependencies:
    blake2b "^2.1.3"
    sodium-native "^3.0.1"

blake2b-wasm@^1.1.0:
  version "1.1.7"
  resolved "https://registry.yarnpkg.com/blake2b-wasm/-/blake2b-wasm-1.1.7.tgz#e4d075da10068e5d4c3ec1fb9accc4d186c55d81"
  integrity sha512-oFIHvXhlz/DUgF0kq5B1CqxIDjIJwh9iDeUUGQUcvgiGz7Wdw03McEO7CfLBy7QKGdsydcMCgO9jFNBAFCtFcA==
  dependencies:
    nanoassert "^1.0.0"

blake2b@^2.1.1, blake2b@^2.1.3:
  version "2.1.3"
  resolved "https://registry.yarnpkg.com/blake2b/-/blake2b-2.1.3.tgz#f5388be424768e7c6327025dad0c3c6d83351bca"
  integrity sha512-pkDss4xFVbMb4270aCyGD3qLv92314Et+FsKzilCLxDz5DuZ2/1g3w4nmBbu6nKApPspnjG7JcwTjGZnduB1yg==
  dependencies:
    blake2b-wasm "^1.1.0"
    nanoassert "^1.0.0"

buffer@^6.0.3:
  version "6.0.3"
  resolved "https://registry.yarnpkg.com/buffer/-/buffer-6.0.3.tgz#2ace578459cc8fbe2a70aaa8f52ee63b6a74c6c6"
  integrity sha512-FTiCpNxtwiZZHEZbcbTIcZjERVICn9yq/pDFkTl95/AxzD1naBctN7YO68riM/gLSDY7sdrMby8hofADYuuqOA==
  dependencies:
    base64-js "^1.3.1"
    ieee754 "^1.2.1"

chacha20-universal@^1.0.4:
  version "1.0.4"
  resolved "https://registry.yarnpkg.com/chacha20-universal/-/chacha20-universal-1.0.4.tgz#e8a33a386500b1ce5361b811ec5e81f1797883f5"
  integrity sha512-/IOxdWWNa7nRabfe7+oF+jVkGjlr2xUL4J8l/OvzZhj+c9RpMqoo3Dq+5nU1j/BflRV4BKnaQ4+4oH1yBpQG1Q==
  dependencies:
    nanoassert "^2.0.0"

codecs@^2.0.0:
  version "2.2.0"
  resolved "https://registry.yarnpkg.com/codecs/-/codecs-2.2.0.tgz#9efe60f367482a9f9d69b4daebb73b421038ab37"
  integrity sha512-+xi2ENsvchtUNa8oBUU58gHgmyN6BEEeZ8NIEgeQ0XnC+AoyihivgZYe+OOiNi+fLy/NUowugwV5gP8XWYDm0Q==

core-util-is@~1.0.0:
  version "1.0.3"
  resolved "https://registry.yarnpkg.com/core-util-is/-/core-util-is-1.0.3.tgz#a6042d3634c2b27e9328f837b965fac83808db85"
  integrity sha512-ZQBvi1DcpJ4GDqanjucZ2Hj3wEO5pZDS89BWbkcrvdxksJorwUDDZamX9ldFkp9aw2lmBDLgkObEA4DWNJ9FYQ==

debug@2.6.9:
  version "2.6.9"
  resolved "https://registry.yarnpkg.com/debug/-/debug-2.6.9.tgz#5d128515df134ff327e90a4c93f4e077a536341f"
  integrity sha512-bC7ElrdJaJnPbAP+1EotYvqZsb3ecl5wi6Bfi6BJTUcNowp6cvspg0jXznRTKDjm/E7AdgFBVeAPVMNcKGsHMA==
  dependencies:
    ms "2.0.0"

debug@^4.1.1, debug@^4.3.1:
  version "4.3.2"
  resolved "https://registry.yarnpkg.com/debug/-/debug-4.3.2.tgz#f0a49c18ac8779e31d4a0c6029dfb76873c7428b"
  integrity sha512-mOp8wKcvj7XxC78zLgw/ZA+6TSgkoE2C/ienthhRD298T7UNwAg9diBpLRxC0mOezLl4B0xV7M0cCO6P/O0Xhw==
  dependencies:
    ms "2.1.2"

delay@^4.3.0:
  version "4.4.1"
  resolved "https://registry.yarnpkg.com/delay/-/delay-4.4.1.tgz#6e02d02946a1b6ab98b39262ced965acba2ac4d1"
  integrity sha512-aL3AhqtfhOlT/3ai6sWXeqwnw63ATNpnUiN4HL7x9q+My5QtHlO3OIkasmug9LKzpheLdmUKGRKnYXYAS7FQkQ==

delay@^5.0.0:
  version "5.0.0"
  resolved "https://registry.yarnpkg.com/delay/-/delay-5.0.0.tgz#137045ef1b96e5071060dd5be60bf9334436bd1d"
  integrity sha512-ReEBKkIfe4ya47wlPYf/gu5ib6yUG0/Aez0JQZQz94kiWtRQvZIQbTiehsnwHvLSWJnQdhVeqYue7Id1dKr0qw==

depd@~1.1.2:
  version "1.1.2"
  resolved "https://registry.yarnpkg.com/depd/-/depd-1.1.2.tgz#9bcd52e14c097763e749b274c4346ed2e560b5a9"
  integrity sha1-m81S4UwJd2PnSbJ0xDRu0uVgtak=

destroy@~1.0.4:
  version "1.0.4"
  resolved "https://registry.yarnpkg.com/destroy/-/destroy-1.0.4.tgz#978857442c44749e4206613e37946205826abd80"
  integrity sha1-l4hXRCxEdJ5CBmE+N5RiBYJqvYA=

dht-rpc@^4.8.0:
  version "4.9.6"
  resolved "https://registry.yarnpkg.com/dht-rpc/-/dht-rpc-4.9.6.tgz#84c2b8a57dd68364a1bce1cd23a13457887a0666"
  integrity sha512-gzZPsesqOh0Lj0GxjbNhPe42tppSt9qpcMXifcwtr2i3WnhgyhjlXTFrq/po9kl4X98M7+RxwmzpXzPt7hcXwA==
  dependencies:
    blake2b-universal "^1.0.0"
    codecs "^2.0.0"
    ipv4-peers "^2.0.0"
    k-bucket "^5.0.0"
    protocol-buffers-encodings "^1.1.0"
    sodium-native "^3.1.1"
    speedometer "^1.1.0"
    stream-collector "^1.0.1"
    time-ordered-set "^1.0.1"
    xor-distance "^2.0.0"

dns-packet@^5.2.2:
  version "5.3.0"
  resolved "https://registry.yarnpkg.com/dns-packet/-/dns-packet-5.3.0.tgz#9a0f66118d3be176b828b911a842b0b1a4bdfd4f"
  integrity sha512-Nce7YLu6YCgWRvOmDBsJMo9M5/jV3lEZ5vUWnWXYmwURvPylHvq7nkDWhNmk1ZQoZZOP7oQh/S0lSxbisKOfHg==
  dependencies:
    "@leichtgewicht/ip-codec" "^2.0.1"

duplexify@^3.5.1:
  version "3.7.1"
  resolved "https://registry.yarnpkg.com/duplexify/-/duplexify-3.7.1.tgz#2a4df5317f6ccfd91f86d6fd25d8d8a103b88309"
  integrity sha512-07z8uv2wMyS51kKhD1KsdXJg5WQ6t93RneqRxUHnskXVtlYYkLqM0gqStQZ3pj073g687jPCHrqNfCzawLYh5g==
  dependencies:
    end-of-stream "^1.0.0"
    inherits "^2.0.1"
    readable-stream "^2.0.0"
    stream-shift "^1.0.0"

duplexpair@^1.0.1:
  version "1.0.1"
  resolved "https://registry.yarnpkg.com/duplexpair/-/duplexpair-1.0.1.tgz#e17a3924314785f9aea80eb73c8b96faf87126e3"
  integrity sha512-xAJCL8UnXa+GyHIqSNUT9eiQSfGvSBPOZvAYN17ULwYBMady5Ek6Ghpuj4P6+ZGkjlmUFdTh9y+ejvKRl5rcRg==
  dependencies:
    readable-stream "^2.3.3"

ee-first@1.1.1:
  version "1.1.1"
  resolved "https://registry.yarnpkg.com/ee-first/-/ee-first-1.1.1.tgz#590c61156b0ae2f4f0255732a158b266bc56b21d"
  integrity sha1-WQxhFWsK4vTwJVcyoViyZrxWsh0=

emailjs-base64@^1.1.4:
  version "1.1.4"
  resolved "https://registry.yarnpkg.com/emailjs-base64/-/emailjs-base64-1.1.4.tgz#392fa38cb6aa35dccd3af3637ffc14c1c7ce9612"
  integrity sha512-4h0xp1jgVTnIQBHxSJWXWanNnmuc5o+k4aHEpcLXSToN8asjB5qbXAexs7+PEsUKcEyBteNYsSvXUndYT2CGGA==

emailjs-mime-codec@^2.0.7:
  version "2.0.9"
  resolved "https://registry.yarnpkg.com/emailjs-mime-codec/-/emailjs-mime-codec-2.0.9.tgz#d184451b6f2e55c5868b0f0a82d18fe2b82f0c97"
  integrity sha512-7qJo4pFGcKlWh/kCeNjmcgj34YoJWY0ekZXEHYtluWg4MVBnXqGM4CRMtZQkfYwitOhUgaKN5EQktJddi/YIDQ==
  dependencies:
    emailjs-base64 "^1.1.4"
    ramda "^0.26.1"
    text-encoding "^0.7.0"

emailjs@^2.2.0:
  version "2.2.0"
  resolved "https://registry.yarnpkg.com/emailjs/-/emailjs-2.2.0.tgz#ba5b23e4a4b0a4510f652e873b154e9407b6ca03"
  integrity sha1-ulsj5KSwpFEPZS6HOxVOlAe2ygM=
  dependencies:
    addressparser "^0.3.2"
    emailjs-mime-codec "^2.0.7"

emittery@^0.6.0:
  version "0.6.0"
  resolved "https://registry.yarnpkg.com/emittery/-/emittery-0.6.0.tgz#e85312468d77c3ed9a6adf43bb57d34849e0c95a"
  integrity sha512-6EMRGr9KzYWp8DzHFZsKVZBsMO6QhAeHMeHND8rhyBNCHKMLpgW9tZv40bwN3rAIKRS5CxcK8oLRKUJSB9h7yQ==

encodeurl@~1.0.2:
  version "1.0.2"
  resolved "https://registry.yarnpkg.com/encodeurl/-/encodeurl-1.0.2.tgz#ad3ff4c86ec2d029322f5a02c3a9a606c95b3f59"
  integrity sha1-rT/0yG7C0CkyL1oCw6mmBslbP1k=

end-of-stream-promise@^1.0.0:
  version "1.0.0"
  resolved "https://registry.yarnpkg.com/end-of-stream-promise/-/end-of-stream-promise-1.0.0.tgz#f07ce43847e279ad1e261cc8fd4ee83b2f1e3d3a"
  integrity sha512-1u3Geul15xPtCiZFZibKWulA6pMecvPO+cvejugP36fGviKdcKydXzHMLqjZgt+N+DO+ifcKVUYcmg7IxlgpBg==
  dependencies:
    end-of-stream "^1.4.4"

end-of-stream@^1.0.0, end-of-stream@^1.1.0, end-of-stream@^1.4.1, end-of-stream@^1.4.4:
  version "1.4.4"
  resolved "https://registry.yarnpkg.com/end-of-stream/-/end-of-stream-1.4.4.tgz#5ae64a5f45057baf3626ec14da0ca5e4b2431eb0"
  integrity sha512-+uw1inIHVPQoaVuHzRyXd21icM+cnt4CzD5rW+NC1wjOUSTOs+Te7FOv7AhN7vS9x/oIyhLP5PR1H+phQAHu5Q==
  dependencies:
    once "^1.4.0"

err-code@^3.0.1:
  version "3.0.1"
  resolved "https://registry.yarnpkg.com/err-code/-/err-code-3.0.1.tgz#a444c7b992705f2b120ee320b09972eef331c920"
  integrity sha512-GiaH0KJUewYok+eeY05IIgjtAe4Yltygk9Wqp1V5yVWLdhf0hYZchRjNIT9bb0mSwRcIusT3cx7PJUf3zEIfUA==

escape-html@~1.0.3:
  version "1.0.3"
  resolved "https://registry.yarnpkg.com/escape-html/-/escape-html-1.0.3.tgz#0258eae4d3d0c0974de1c169188ef0051d1d1988"
  integrity sha1-Aljq5NPQwJdN4cFpGI7wBR0dGYg=

etag@~1.8.1:
  version "1.8.1"
  resolved "https://registry.yarnpkg.com/etag/-/etag-1.8.1.tgz#41ae2eeb65efa62268aebfea83ac7d79299b0887"
  integrity sha1-Qa4u62XvpiJorr/qg6x9eSmbCIc=

eventemitter3@^4.0.4:
  version "4.0.7"
  resolved "https://registry.yarnpkg.com/eventemitter3/-/eventemitter3-4.0.7.tgz#2de9b68f6528d5644ef5c59526a1b4a07306169f"
  integrity sha512-8guHBZCwKnFhYdHr2ysuRWErTwhoN2X8XELRlrRwpmfeY2jjuUN4taQMsULKUVo1K4DvZl+0pgfyoysHxvmvEw==

fastq@^1.8.0:
  version "1.13.0"
  resolved "https://registry.yarnpkg.com/fastq/-/fastq-1.13.0.tgz#616760f88a7526bdfc596b7cab8c18938c36b98c"
  integrity sha512-YpkpUnK8od0o1hmeSc7UUs/eB/vIPWJYjKck2QKIzAf71Vm1AAQ3EbuZB3g2JIy+pg+ERD0vqI79KyZiB2e2Nw==
  dependencies:
    reusify "^1.0.4"

follow-redirects@^1.14.4:
  version "1.14.5"
  resolved "https://registry.yarnpkg.com/follow-redirects/-/follow-redirects-1.14.5.tgz#f09a5848981d3c772b5392309778523f8d85c381"
  integrity sha512-wtphSXy7d4/OR+MvIFbCVBDzZ5520qV8XfPklSN5QtxuMUJZ+b0Wnst1e1lCDocfzuCkHqj8k0FpZqO+UIaKNA==

fresh@0.5.2:
  version "0.5.2"
  resolved "https://registry.yarnpkg.com/fresh/-/fresh-0.5.2.tgz#3d8cadd90d976569fa835ab1f8e4b23a105605a7"
  integrity sha1-PYyt2Q2XZWn6g1qx+OSyOhBWBac=

function-bind@^1.1.1:
  version "1.1.1"
  resolved "https://registry.yarnpkg.com/function-bind/-/function-bind-1.1.1.tgz#a56899d3ea3c9bab874bb9773b7c5ede92f4895d"
  integrity sha512-yIovAzMX49sF8Yl58fSCWJ5svSLuaibPxXQJFLmBObTuCr0Mf1KiPopGM9NiFjiYBCbfaa2Fh6breQ6ANVTI0A==

get-browser-rtc@^1.1.0:
  version "1.1.0"
  resolved "https://registry.yarnpkg.com/get-browser-rtc/-/get-browser-rtc-1.1.0.tgz#d1494e299b00f33fc8e9d6d3343ba4ba99711a2c"
  integrity sha512-MghbMJ61EJrRsDe7w1Bvqt3ZsBuqhce5nrn/XAwgwOXhcsz53/ltdxOse1h/8eKXj5slzxdsz56g5rzOFSGwfQ==

guard-timeout@^2.0.0:
  version "2.0.0"
  resolved "https://registry.yarnpkg.com/guard-timeout/-/guard-timeout-2.0.0.tgz#7f8f1f6d09bdeb6d0fee4cbd743d593c14d7d78a"
  integrity sha512-35geHv72oal0cRUE5t1tZ5KHm3OVPXzFtiMG8AnRPV5FkkEf84RUpeQ0BCeCZunfSLGATW5ZVyALhJKgM7I/6A==

gun@^0.2020.1235:
  version "0.2020.1235"
  resolved "https://registry.yarnpkg.com/gun/-/gun-0.2020.1235.tgz#5b6cdfb383b8e7d5e430f12af8cc59621d0b6191"
  integrity sha512-aba6s0X/MCCOByt0T3VrMzMMUEblfN2aLV2bAmIQWjkB7SKnm07zAZWigljwI69Rb5sOw7C1G116UyvCM2p9kA==
  dependencies:
    ws "^7.2.1"
  optionalDependencies:
    "@peculiar/webcrypto" "^1.1.1"
    emailjs "^2.2.0"

has@^1.0.3:
  version "1.0.3"
  resolved "https://registry.yarnpkg.com/has/-/has-1.0.3.tgz#722d7cbfc1f6aa8241f16dd814e011e1f41e8796"
  integrity sha512-f2dvO0VU6Oej7RkWJGrehjbzMAjFp5/VKPp5tTpWIV4JHHZK1/BxbFRtf/siA2SWTe09caDmVtYYzWEIbBS4zw==
  dependencies:
    function-bind "^1.1.1"

hashlru@^2.3.0:
  version "2.3.0"
  resolved "https://registry.yarnpkg.com/hashlru/-/hashlru-2.3.0.tgz#5dc15928b3f6961a2056416bb3a4910216fdfb51"
  integrity sha512-0cMsjjIC8I+D3M44pOQdsy0OHXGLVz6Z0beRuufhKa0KfaD2wGwAev6jILzXsd3/vpnNQJmWyZtIILqM1N+n5A==

http-errors@~1.7.2:
  version "1.7.3"
  resolved "https://registry.yarnpkg.com/http-errors/-/http-errors-1.7.3.tgz#6c619e4f9c60308c38519498c14fbb10aacebb06"
  integrity sha512-ZTTX0MWrsQ2ZAhA1cejAwDLycFsd7I7nVtnkT3Ol0aqodaKW+0CTZDQ1uBv5whptCnc8e8HeRRJxRs0kmm/Qfw==
  dependencies:
    depd "~1.1.2"
    inherits "2.0.4"
    setprototypeof "1.1.1"
    statuses ">= 1.5.0 < 2"
    toidentifier "1.0.0"

hyperswarm-proxy-ws@^1.2.0:
  version "1.2.0"
  resolved "https://registry.yarnpkg.com/hyperswarm-proxy-ws/-/hyperswarm-proxy-ws-1.2.0.tgz#766a086ac5eddcdf7f2985046bc7e64296d19fe8"
  integrity sha512-kX7wjsXjxIv496CpqlKtdikqeHMNEzx5+oJQJaj8pKIOdhdD/Rkbb/w6fy1dQhEKEyXK0N/oPnRBXqNXnbnxhw==
  dependencies:
    hyperswarm-proxy "^1.4.0"
    websocket-stream "^5.5.0"

hyperswarm-proxy@^1.4.0:
  version "1.5.0"
  resolved "https://registry.yarnpkg.com/hyperswarm-proxy/-/hyperswarm-proxy-1.5.0.tgz#f4ff1ff288e3513bac58f67af9c793b22cc8e2c5"
  integrity sha512-HsQA5fw7CZbO5RKzuGCOtaWvDxKWD/YZeVHxXL6CeaHHm9JVJaOzwtwwxook8u+E2KMXQczmQsij3ANZSESH3Q==
  dependencies:
    "@hyperswarm/network" "^2.1.0"
    length-prefixed-stream "^2.0.0"
    pump "^3.0.0"

hyperswarm-web@^2.1.1:
  version "2.1.1"
  resolved "https://registry.yarnpkg.com/hyperswarm-web/-/hyperswarm-web-2.1.1.tgz#c9333e314b9cafaba7ff149e9e027946c57882e4"
  integrity sha512-uHVIN3ic6Dy5U6xx6pzf0F3WcJ+8clzrk6duZXPltKsHyv619cAO5j62tE+BdDzyzsuDP6bshnvIv+VW7s/vww==
  dependencies:
    "@geut/discovery-swarm-webrtc" "^4.0.1"
    duplexpair "^1.0.1"
    hyperswarm-proxy-ws "^1.2.0"
    minimist "^1.2.0"
    send "^0.17.1"
    websocket-stream "^5.5.2"

ieee754@^1.2.1:
  version "1.2.1"
  resolved "https://registry.yarnpkg.com/ieee754/-/ieee754-1.2.1.tgz#8eb7a10a63fff25d15a57b001586d177d1b0d352"
  integrity sha512-dcyqhDvX1C46lXZcVqCpK+FtMRQVdIMN6/Df5js2zouUsqG7I6sFxitIC+7KYK29KdXOLHdu9zL4sFnoVQnqaA==

inherits@2.0.4, inherits@^2.0.1, inherits@^2.0.3, inherits@^2.0.4, inherits@~2.0.3:
  version "2.0.4"
  resolved "https://registry.yarnpkg.com/inherits/-/inherits-2.0.4.tgz#0fa2c64f932917c3433a0ded55363aae37416b7c"
  integrity sha512-k/vGaX4/Yla3WzyMCvTQOXYeIHvqOKtnqBduzTHpzpQZzAskKMhZ2K+EnBiSM9zGSoIFeMpXKxa4dYeZIQqewQ==

ipv4-peers@^2.0.0:
  version "2.0.0"
  resolved "https://registry.yarnpkg.com/ipv4-peers/-/ipv4-peers-2.0.0.tgz#56db3a04c1bbde4b9035d19757821d7b66b3fbb7"
  integrity sha512-6ZMWB3JnCWT0gISUkzChcUEkJS6+LpGRU3h10f9Mfc0usVmyIcbcTN9+QPMg29gLOY8WtaKFbM5ME8qNySoh8g==

is-core-module@^2.2.0:
  version "2.8.0"
  resolved "https://registry.yarnpkg.com/is-core-module/-/is-core-module-2.8.0.tgz#0321336c3d0925e497fd97f5d95cb114a5ccd548"
  integrity sha512-vd15qHsaqrRL7dtH6QNuy0ndJmRDrS9HAM1CAiSifNUFv4x1a0CCVsj18hJ1mShxIG6T2i1sO78MkP56r0nYRw==
  dependencies:
    has "^1.0.3"

isarray@~1.0.0:
  version "1.0.0"
  resolved "https://registry.yarnpkg.com/isarray/-/isarray-1.0.0.tgz#bb935d48582cba168c06834957a54a3e07124f11"
  integrity sha1-u5NdSFgsuhaMBoNJV6VKPgcSTxE=

isomorphic-ws@^4.0.1:
  version "4.0.1"
  resolved "https://registry.yarnpkg.com/isomorphic-ws/-/isomorphic-ws-4.0.1.tgz#55fd4cd6c5e6491e76dc125938dd863f5cd4f2dc"
  integrity sha512-BhBvN2MBpWTaSHdWRb/bwdZJ1WaehQ2L1KngkCkfLUGF0mAWAT1sQUQacEmQ0jXkFw/czDXPNQSL5u2/Krsz1w==

k-bucket@^5.0.0:
  version "5.1.0"
  resolved "https://registry.yarnpkg.com/k-bucket/-/k-bucket-5.1.0.tgz#db2c9e72bd168b432e3f3e8fc092e2ccb61bff89"
  integrity sha512-Fac7iINEovXIWU20GPnOMLUbjctiS+cnmyjC4zAUgvs3XPf1vo9akfCHkigftSic/jiKqKl+KA3a/vFcJbHyCg==
  dependencies:
    randombytes "^2.1.0"

length-prefixed-stream@^2.0.0:
  version "2.0.0"
  resolved "https://registry.yarnpkg.com/length-prefixed-stream/-/length-prefixed-stream-2.0.0.tgz#16e603c97aefb46f43ae4b5d22f1734ecd14ffce"
  integrity sha512-dvjTuWTKWe0oEznQcG6a9osfiYknCs7DEFJMP88n9Y581IFhYh1sZIgAFcuDOojKB0G7ftPreKhh4D0kh/VPjQ==
  dependencies:
    inherits "^2.0.3"
    readable-stream "^3.1.1"
    varint "^5.0.0"

mime@1.6.0:
  version "1.6.0"
  resolved "https://registry.yarnpkg.com/mime/-/mime-1.6.0.tgz#32cd9e5c64553bd58d19a568af452acff04981b1"
  integrity sha512-x0Vn8spI+wuJ1O6S7gnbaQg8Pxh4NNHb7KSINmEWKiPE4RKOplvijn+NkmYmmRgP68mc70j2EbeTFRsrswaQeg==

minimist@^1.2.0, minimist@^1.2.5:
  version "1.2.5"
  resolved "https://registry.yarnpkg.com/minimist/-/minimist-1.2.5.tgz#67d66014b66a6a8aaa0c083c5fd58df4e4e97602"
  integrity sha512-FM9nNUYrRBAELZQT3xeZQ7fmMOBg6nWNmJKTcgsJeaLstP/UODVpGsr5OhXhhXg6f+qtJ8uiZ+PUxkDWcgIXLw==

mostly-minimal-spanning-tree@^1.0.2:
  version "1.1.0"
  resolved "https://registry.yarnpkg.com/mostly-minimal-spanning-tree/-/mostly-minimal-spanning-tree-1.1.0.tgz#49852e0c0dc78efb1cbd0430d8d5436b169e1a7a"
  integrity sha512-nw3rZTtFjf+rFtDS2LHCpXKTcS70HiKt7g5piWwDNIz9ImIXwmiyGpyEflvUcU72oY747EbJfRfRSnVN9hGMGQ==
  dependencies:
    delay "^4.3.0"
    end-of-stream-promise "^1.0.0"
    p-queue "^6.3.0"
    promise-defer "^1.0.0"
    randomize-array "^1.2.0"
    xor-distance "^2.0.0"

ms@2.0.0:
  version "2.0.0"
  resolved "https://registry.yarnpkg.com/ms/-/ms-2.0.0.tgz#5608aeadfc00be6c2901df5f9861788de0d597c8"
  integrity sha1-VgiurfwAvmwpAd9fmGF4jeDVl8g=

ms@2.1.1:
  version "2.1.1"
  resolved "https://registry.yarnpkg.com/ms/-/ms-2.1.1.tgz#30a5864eb3ebb0a66f2ebe6d727af06a09d86e0a"
  integrity sha512-tgp+dl5cGk28utYktBsrFqA7HKgrhgPsg6Z/EfhWI4gl1Hwq8B/GmY/0oXZ6nF8hDVesS/FpnYaD/kOWhYQvyg==

ms@2.1.2:
  version "2.1.2"
  resolved "https://registry.yarnpkg.com/ms/-/ms-2.1.2.tgz#d09d1f357b443f493382a8eb3ccd183872ae6009"
  integrity sha512-sGkPx+VjMtmA6MX27oA4FBFELFCZZ4S4XqeGOXCv68tT+jb3vk/RyaKWP0PTKyWtmLSM0b+adUTEvbs1PEaH2w==

multicast-dns@^7.2.2:
  version "7.2.4"
  resolved "https://registry.yarnpkg.com/multicast-dns/-/multicast-dns-7.2.4.tgz#cf0b115c31e922aeb20b64e6556cbeb34cf0dd19"
  integrity sha512-XkCYOU+rr2Ft3LI6w4ye51M3VK31qJXFIxu0XLw169PtKG0Zx47OrXeVW/GCYOfpC9s1yyyf1S+L8/4LY0J9Zw==
  dependencies:
    dns-packet "^5.2.2"
    thunky "^1.0.2"

nanoassert@^1.0.0:
  version "1.1.0"
  resolved "https://registry.yarnpkg.com/nanoassert/-/nanoassert-1.1.0.tgz#4f3152e09540fde28c76f44b19bbcd1d5a42478d"
  integrity sha1-TzFS4JVA/eKMdvRLGbvNHVpCR40=

nanoassert@^2.0.0:
  version "2.0.0"
  resolved "https://registry.yarnpkg.com/nanoassert/-/nanoassert-2.0.0.tgz#a05f86de6c7a51618038a620f88878ed1e490c09"
  integrity sha512-7vO7n28+aYO4J+8w96AzhmU8G+Y/xpPDJz/se19ICsqj/momRbb9mh9ZUtkoJ5X3nTnPdhEJyc0qnM6yAsHBaA==

nanocustomassert@^1.0.0:
  version "1.0.0"
  resolved "https://registry.yarnpkg.com/nanocustomassert/-/nanocustomassert-1.0.0.tgz#84a1b067c47cd9fdaebb5431b49389f2e582b531"
  integrity sha512-oIezVMlrrzPkCtK32NM5y4gU7JPi12NPWrIsXLyH7KL2D3IFYCtNEHSNgabBzoXCMkXI8AO6SMBUSPvJVf6NCA==

nanoerror@^1.0.0, nanoerror@^1.1.0:
  version "1.2.1"
  resolved "https://registry.yarnpkg.com/nanoerror/-/nanoerror-1.2.1.tgz#4a4d98e21f5f0b2222e85aff1be170ef825aa23f"
  integrity sha512-pCXtdyUZUqkyJjrfKxSMCzdblgVbXOXPdFC+Th80IuQzuoaSwLmMu8rJID92VStrv7sMyqMj86PJMoj//bKcsg==
  dependencies:
    quick-format-unescaped "^3.0.3"

nanomessage-rpc@^3.2.0:
  version "3.2.0"
  resolved "https://registry.yarnpkg.com/nanomessage-rpc/-/nanomessage-rpc-3.2.0.tgz#909829e98e6582796c908613a1e62f8be06446e9"
  integrity sha512-CRY3GzkiXa5th7gSTM45v4EZKIVg8XTbhE30PFFbzloTgiPCYBbywkpHGZ+48H/nb2H9gXhbBGDRXbn2hxjH4w==
  dependencies:
    emittery "^0.6.0"
    end-of-stream "^1.4.4"
    nanocustomassert "^1.0.0"
    nanoerror "^1.1.0"
    nanomessage "^8.3.0"
    nanoresource-promise "^2.0.0"
    varint "^5.0.0"

nanomessage@^8.3.0:
  version "8.4.0"
  resolved "https://registry.yarnpkg.com/nanomessage/-/nanomessage-8.4.0.tgz#491299983551dc09d310a4b5c257b365a08ddcf1"
  integrity sha512-jLRsKfedD0AwDDPpwoRvxSfx/G9i51peX09/SvrybSD801Y3YmwuXWkxHSS9bNFucqmjo+7/b/Rx5Lngozq3nw==
  dependencies:
    fastq "^1.8.0"
    nanocustomassert "^1.0.0"
    nanoerror "^1.1.0"
    nanoresource-promise "^2.0.0"
    varint "^5.0.0"

nanoresource-promise@^2.0.0:
  version "2.0.0"
  resolved "https://registry.yarnpkg.com/nanoresource-promise/-/nanoresource-promise-2.0.0.tgz#421e3eb563fe4997f97eaaee820b91b914e4edef"
  integrity sha512-C4nHaVqhpRYaSiKfXPC3bOiz5mnS3N1gkDhGaWmYLxr4KTAQdWqOr2pEVw4xVmAHJgA9n9anbfuVOacS/skbIA==

nanoresource@^1.3.0:
  version "1.3.0"
  resolved "https://registry.yarnpkg.com/nanoresource/-/nanoresource-1.3.0.tgz#823945d9667ab3e81a8b2591ab8d734552878cd0"
  integrity sha512-OI5dswqipmlYfyL3k/YMm7mbERlh4Bd1KuKdMHpeoVD1iVxqxaTMKleB4qaA2mbQZ6/zMNSxCXv9M9P/YbqTuQ==
  dependencies:
    inherits "^2.0.4"

napi-macros@^2.0.0:
  version "2.0.0"
  resolved "https://registry.yarnpkg.com/napi-macros/-/napi-macros-2.0.0.tgz#2b6bae421e7b96eb687aa6c77a7858640670001b"
  integrity sha512-A0xLykHtARfueITVDernsAWdtIMbOJgKgcluwENp3AlsKN/PloyO10HtmoqnFAQAcxPkgZN7wdfPfEd0zNGxbg==

node-gyp-build@^4.2.0, node-gyp-build@^4.3.0:
  version "4.3.0"
  resolved "https://registry.yarnpkg.com/node-gyp-build/-/node-gyp-build-4.3.0.tgz#9f256b03e5826150be39c764bf51e993946d71a3"
  integrity sha512-iWjXZvmboq0ja1pUGULQBexmxq8CV4xBhX7VDOTbL7ZR4FOowwY/VOtRxBN/yKxmdGoIp4j5ysNT4u3S2pDQ3Q==

on-finished@~2.3.0:
  version "2.3.0"
  resolved "https://registry.yarnpkg.com/on-finished/-/on-finished-2.3.0.tgz#20f1336481b083cd75337992a16971aa2d906947"
  integrity sha1-IPEzZIGwg811M3mSoWlxqi2QaUc=
  dependencies:
    ee-first "1.1.1"

once@^1.3.1, once@^1.4.0:
  version "1.4.0"
  resolved "https://registry.yarnpkg.com/once/-/once-1.4.0.tgz#583b1aa775961d4b113ac17d9c50baef9dd76bd1"
  integrity sha1-WDsap3WWHUsROsF9nFC6753Xa9E=
  dependencies:
    wrappy "1"

p-event@^4.1.0:
  version "4.2.0"
  resolved "https://registry.yarnpkg.com/p-event/-/p-event-4.2.0.tgz#af4b049c8acd91ae81083ebd1e6f5cae2044c1b5"
  integrity sha512-KXatOjCRXXkSePPb1Nbi0p0m+gQAwdlbhi4wQKJPI1HsMQS9g+Sqp2o+QHziPr7eYJyOZet836KoHEVM1mwOrQ==
  dependencies:
    p-timeout "^3.1.0"

p-finally@^1.0.0:
  version "1.0.0"
  resolved "https://registry.yarnpkg.com/p-finally/-/p-finally-1.0.0.tgz#3fbcfb15b899a44123b34b6dcc18b724336a2cae"
  integrity sha1-P7z7FbiZpEEjs0ttzBi3JDNqLK4=

p-limit@^3.0.2:
  version "3.1.0"
  resolved "https://registry.yarnpkg.com/p-limit/-/p-limit-3.1.0.tgz#e1daccbe78d0d1388ca18c64fea38e3e57e3706b"
  integrity sha512-TYOanM3wGwNGsZN2cVTYPArw454xnXj5qmWF1bEoAc4+cU/ol7GVh7odevjp1FNHduHc3KZMcFduxU5Xc6uJRQ==
  dependencies:
    yocto-queue "^0.1.0"

p-queue@^6.3.0:
  version "6.6.2"
  resolved "https://registry.yarnpkg.com/p-queue/-/p-queue-6.6.2.tgz#2068a9dcf8e67dd0ec3e7a2bcb76810faa85e426"
  integrity sha512-RwFpb72c/BhQLEXIZ5K2e+AhgNVmIejGlTgiB9MzZ0e93GRvqZ7uSi0dvRF7/XIXDeNkra2fNHBxTyPDGySpjQ==
  dependencies:
    eventemitter3 "^4.0.4"
    p-timeout "^3.2.0"

p-timeout@^3.1.0, p-timeout@^3.2.0:
  version "3.2.0"
  resolved "https://registry.yarnpkg.com/p-timeout/-/p-timeout-3.2.0.tgz#c7e17abc971d2a7962ef83626b35d635acf23dfe"
  integrity sha512-rhIwUycgwwKcP9yTOOFK/AKsAopjjCakVqLHePO3CC6Mir1Z99xT+R63jZxAT5lFZLa2inS5h+ZS2GvR99/FBg==
  dependencies:
    p-finally "^1.0.0"

path-parse@^1.0.6:
  version "1.0.7"
  resolved "https://registry.yarnpkg.com/path-parse/-/path-parse-1.0.7.tgz#fbc114b60ca42b30d9daf5858e4bd68bbedb6735"
  integrity sha512-LDJzPVEEEPR+y48z93A0Ed0yXb8pAByGWo/k5YYdYgpY2/2EsOsksJrq7lOHxryrVOn1ejG6oAp8ahvOIQD8sw==

process-nextick-args@~2.0.0:
  version "2.0.1"
  resolved "https://registry.yarnpkg.com/process-nextick-args/-/process-nextick-args-2.0.1.tgz#7820d9b16120cc55ca9ae7792680ae7dba6d7fe2"
  integrity sha512-3ouUOpQhtgrbOa17J7+uxOTpITYWaGP7/AhoR3+A+/1e9skrzelGi/dXzEYyvbxubEF6Wn2ypscTKiKJFFn1ag==

promise-defer@^1.0.0:
  version "1.0.0"
  resolved "https://registry.yarnpkg.com/promise-defer/-/promise-defer-1.0.0.tgz#25a8093f19bab40c62a8e464c97d04fe4cdc0a24"
  integrity sha1-JagJPxm6tAxiqORkyX0E/kzcCiQ=

protocol-buffers-encodings@^1.1.0:
  version "1.1.1"
  resolved "https://registry.yarnpkg.com/protocol-buffers-encodings/-/protocol-buffers-encodings-1.1.1.tgz#f1e4a386711823137330171d2c82b49d062e75d3"
  integrity sha512-5aFshI9SbhtcMiDiZZu3g2tMlZeS5lhni//AGJ7V34PQLU5JA91Cva7TIs6inZhYikS3OpnUzAUuL6YtS0CyDA==
  dependencies:
    signed-varint "^2.0.1"
    varint "5.0.0"

pump@^3.0.0:
  version "3.0.0"
  resolved "https://registry.yarnpkg.com/pump/-/pump-3.0.0.tgz#b4a2116815bde2f4e1ea602354e8c75565107a64"
  integrity sha512-LwZy+p3SFs1Pytd/jYct4wpv49HiYCqd9Rlc5ZVdk0V+8Yzv6jR5Blk3TRmPL1ft69TxP0IMZGJ+WPFU2BFhww==
  dependencies:
    end-of-stream "^1.1.0"
    once "^1.3.1"

pvtsutils@^1.2.0, pvtsutils@^1.2.1:
  version "1.2.1"
  resolved "https://registry.yarnpkg.com/pvtsutils/-/pvtsutils-1.2.1.tgz#8212e846ca9afb21e40cebb0691755649f9f498a"
  integrity sha512-Q867jEr30lBR2YSFFLZ0/XsEvpweqH6Kj096wmlRAFXrdRGPCNq2iz9B5Tk085EZ+OBZyYAVA5UhPkjSHGrUzQ==
  dependencies:
    tslib "^2.3.1"

pvutils@latest:
  version "1.0.17"
  resolved "https://registry.yarnpkg.com/pvutils/-/pvutils-1.0.17.tgz#ade3c74dfe7178944fe44806626bd2e249d996bf"
  integrity sha512-wLHYUQxWaXVQvKnwIDWFVKDJku9XDCvyhhxoq8dc5MFdIlRenyPI9eSfEtcvgHgD7FlvCyGAlWgOzRnZD99GZQ==

queue-microtask@^1.2.2, queue-microtask@^1.2.3:
  version "1.2.3"
  resolved "https://registry.yarnpkg.com/queue-microtask/-/queue-microtask-1.2.3.tgz#4929228bbc724dfac43e0efb058caf7b6cfb6243"
  integrity sha512-NuaNSa6flKT5JaSYQzJok04JzTL1CA6aGhv5rfLW3PgqA+M2ChpZQnAC8h8i4ZFkBS8X5RqkDBHA7r4hej3K9A==

quick-format-unescaped@^3.0.3:
  version "3.0.3"
  resolved "https://registry.yarnpkg.com/quick-format-unescaped/-/quick-format-unescaped-3.0.3.tgz#fb3e468ac64c01d22305806c39f121ddac0d1fb9"
  integrity sha512-dy1yjycmn9blucmJLXOfZDx1ikZJUi6E8bBZLnhPG5gBrVhHXx2xVyqqgKBubVNEXmx51dBACMHpoMQK/N/AXQ==

ramda@^0.26.1:
  version "0.26.1"
  resolved "https://registry.yarnpkg.com/ramda/-/ramda-0.26.1.tgz#8d41351eb8111c55353617fc3bbffad8e4d35d06"
  integrity sha512-hLWjpy7EnsDBb0p+Z3B7rPi3GDeRG5ZtiI33kJhTt+ORCd38AbAIjB/9zRIUoeTbE/AVX5ZkU7m6bznsvrf8eQ==

randombytes@^2.1.0:
  version "2.1.0"
  resolved "https://registry.yarnpkg.com/randombytes/-/randombytes-2.1.0.tgz#df6f84372f0270dc65cdf6291349ab7a473d4f2a"
  integrity sha512-vYl3iOX+4CKUWuxGi9Ukhie6fsqXqS9FE2Zaic4tNFD2N2QQaXOMFbuKK4QmDHC0JO6B1Zp41J0LpT0oR68amQ==
  dependencies:
    safe-buffer "^5.1.0"

randomize-array@^1.2.0:
  version "1.2.0"
  resolved "https://registry.yarnpkg.com/randomize-array/-/randomize-array-1.2.0.tgz#36255233deebdc1125fb7ea8468027f9e8a58b36"
  integrity sha512-3utyf30rF+wc1ZPgl+lTn8WMMGyMNN0uQkyuWo3N/vVT3J2Olt1ymCk3J8+zl4dsvYnplLFd+CLnYlCLT1W0iw==

range-parser@~1.2.1:
  version "1.2.1"
  resolved "https://registry.yarnpkg.com/range-parser/-/range-parser-1.2.1.tgz#3cf37023d199e1c24d1a55b84800c2f3e6468031"
  integrity sha512-Hrgsx+orqoygnmhFbKaHE6c296J+HTAQXoxEF6gNupROmmGJRoyzfG3ccAveqCBrwr/2yxQ5BVd/GTl5agOwSg==

readable-stream@^2.0.0, readable-stream@^2.3.3:
  version "2.3.7"
  resolved "https://registry.yarnpkg.com/readable-stream/-/readable-stream-2.3.7.tgz#1eca1cf711aef814c04f62252a36a62f6cb23b57"
  integrity sha512-Ebho8K4jIbHAxnuxi7o42OrZgF/ZTNcsZj6nRKyUmkhLFq8CHItp/fy6hQZuZmP/n3yZ9VBUbp4zz/mX8hmYPw==
  dependencies:
    core-util-is "~1.0.0"
    inherits "~2.0.3"
    isarray "~1.0.0"
    process-nextick-args "~2.0.0"
    safe-buffer "~5.1.1"
    string_decoder "~1.1.1"
    util-deprecate "~1.0.1"

readable-stream@^3.0.2, readable-stream@^3.1.1, readable-stream@^3.6.0:
  version "3.6.0"
  resolved "https://registry.yarnpkg.com/readable-stream/-/readable-stream-3.6.0.tgz#337bbda3adc0706bd3e024426a286d4b4b2c9198"
  integrity sha512-BViHy7LKeTz4oNnkcLJ+lVSL6vpiFeX6/d3oSH8zCW7UxP2onchk+vTGB143xuFjHS3deTgkKoXXymXqymiIdA==
  dependencies:
    inherits "^2.0.3"
    string_decoder "^1.1.1"
    util-deprecate "^1.0.1"

reconnecting-websocket@^4.4.0:
  version "4.4.0"
  resolved "https://registry.yarnpkg.com/reconnecting-websocket/-/reconnecting-websocket-4.4.0.tgz#3b0e5b96ef119e78a03135865b8bb0af1b948783"
  integrity sha512-D2E33ceRPga0NvTDhJmphEgJ7FUYF0v4lr1ki0csq06OdlxKfugGzN0dSkxM/NfqCxYELK4KcaTOUOjTV6Dcng==

record-cache@^1.1.0:
  version "1.1.1"
  resolved "https://registry.yarnpkg.com/record-cache/-/record-cache-1.1.1.tgz#ba3088a489f50491a4af7b14d410822c394fb811"
  integrity sha512-L5hZlgWc7CmGbztnemQoKE1bLu9rtI2skOB0ttE4C5+TVszLE8Rd0YLTROSgvXKLAqPumS/soyN5tJW5wJLmJQ==

resolve@^1.17.0:
  version "1.20.0"
  resolved "https://registry.yarnpkg.com/resolve/-/resolve-1.20.0.tgz#629a013fb3f70755d6f0b7935cc1c2c5378b1975"
  integrity sha512-wENBPt4ySzg4ybFQW2TT1zMQucPK95HSh/nq2CFTZVOGut2+pQvSsgtda4d26YrYcr067wjbmzOG8byDPBX63A==
  dependencies:
    is-core-module "^2.2.0"
    path-parse "^1.0.6"

reusify@^1.0.4:
  version "1.0.4"
  resolved "https://registry.yarnpkg.com/reusify/-/reusify-1.0.4.tgz#90da382b1e126efc02146e90845a88db12925d76"
  integrity sha512-U9nH88a3fc/ekCF1l0/UP1IosiuIjyTh7hBvXVMHYgVcfGvt897Xguj2UOLDeI5BG2m7/uwyaLVT6fbtCwTyzw==

rxjs@^7.4.0:
  version "7.4.0"
  resolved "https://registry.yarnpkg.com/rxjs/-/rxjs-7.4.0.tgz#a12a44d7eebf016f5ff2441b87f28c9a51cebc68"
  integrity sha512-7SQDi7xeTMCJpqViXh8gL/lebcwlp3d831F05+9B44A4B0WfsEwUQHR64gsH1kvJ+Ep/J9K2+n1hVl1CsGN23w==
  dependencies:
    tslib "~2.1.0"

safe-buffer@^5.1.0, safe-buffer@^5.1.2, safe-buffer@~5.2.0:
  version "5.2.1"
  resolved "https://registry.yarnpkg.com/safe-buffer/-/safe-buffer-5.2.1.tgz#1eaf9fa9bdb1fdd4ec75f58f9cdb4e6b7827eec6"
  integrity sha512-rp3So07KcdmmKbGvgaNxQSJr7bGVSVk5S9Eq1F+ppbRo70+YeaDxkw5Dd8NPN+GD6bjnYm2VuPuCXmpuYvmCXQ==

safe-buffer@~5.1.0, safe-buffer@~5.1.1:
  version "5.1.2"
  resolved "https://registry.yarnpkg.com/safe-buffer/-/safe-buffer-5.1.2.tgz#991ec69d296e0313747d59bdfd2b745c35f8828d"
  integrity sha512-Gd2UZBJDkXlY7GbJxfsE8/nvKkUEU1G38c1siN6QP6a9PT9MmHB8GnpscSmMJSoF8LOIrt8ud/wPtojys4G6+g==

send@^0.17.1:
  version "0.17.1"
  resolved "https://registry.yarnpkg.com/send/-/send-0.17.1.tgz#c1d8b059f7900f7466dd4938bdc44e11ddb376c8"
  integrity sha512-BsVKsiGcQMFwT8UxypobUKyv7irCNRHk1T0G680vk88yf6LBByGcZJOTJCrTP2xVN6yI+XjPJcNuE3V4fT9sAg==
  dependencies:
    debug "2.6.9"
    depd "~1.1.2"
    destroy "~1.0.4"
    encodeurl "~1.0.2"
    escape-html "~1.0.3"
    etag "~1.8.1"
    fresh "0.5.2"
    http-errors "~1.7.2"
    mime "1.6.0"
    ms "2.1.1"
    on-finished "~2.3.0"
    range-parser "~1.2.1"
    statuses "~1.5.0"

setprototypeof@1.1.1:
  version "1.1.1"
  resolved "https://registry.yarnpkg.com/setprototypeof/-/setprototypeof-1.1.1.tgz#7e95acb24aa92f5885e0abef5ba131330d4ae683"
  integrity sha512-JvdAWfbXeIGaZ9cILp38HntZSFSo3mWg6xGcJJsd+d4aRMOqauag1C63dJfDw7OaMYwEbHMOxEZ1lqVRYP2OAw==

sha256-universal@^1.1.0:
  version "1.2.1"
  resolved "https://registry.yarnpkg.com/sha256-universal/-/sha256-universal-1.2.1.tgz#051d92decce280cd6137d42d496eac88da942c0e"
  integrity sha512-ghn3muhdn1ailCQqqceNxRgkOeZSVfSE13RQWEg6njB+itsFzGVSJv+O//2hvNXZuxVIRyNzrgsZ37SPDdGJJw==
  dependencies:
    b4a "^1.0.1"
    sha256-wasm "^2.2.1"

sha256-wasm@^2.2.1:
  version "2.2.2"
  resolved "https://registry.yarnpkg.com/sha256-wasm/-/sha256-wasm-2.2.2.tgz#4940b6c9ba28f3f08b700efce587ef36d4d516d4"
  integrity sha512-qKSGARvao+JQlFiA+sjJZhJ/61gmW/3aNLblB2rsgIxDlDxsJPHo8a1seXj12oKtuHVgJSJJ7QEGBUYQN741lQ==
  dependencies:
    b4a "^1.0.1"
    nanoassert "^2.0.0"

sha512-universal@^1.1.0:
  version "1.2.1"
  resolved "https://registry.yarnpkg.com/sha512-universal/-/sha512-universal-1.2.1.tgz#829505a7586530515cc1a10b78815c99722c4df0"
  integrity sha512-kehYuigMoRkIngCv7rhgruLJNNHDnitGTBdkcYbCbooL8Cidj/bS78MDxByIjcc69M915WxcQTgZetZ1JbeQTQ==
  dependencies:
    b4a "^1.0.1"
    sha512-wasm "^2.3.1"

sha512-wasm@^2.3.1:
  version "2.3.2"
  resolved "https://registry.yarnpkg.com/sha512-wasm/-/sha512-wasm-2.3.2.tgz#482ddbb76b31d6c98d2741b13806268c3e759fc8"
  integrity sha512-vywsp4B4T7bv0xdBFiZAc88uEbuQd0Ll8hrnpZOsR/6Vz5lqJgboWdD6HEIUBIfMxQRaxwywDOKPSsa0Hp9pcA==
  dependencies:
    b4a "^1.0.1"
    nanoassert "^2.0.0"

signed-varint@^2.0.1:
  version "2.0.1"
  resolved "https://registry.yarnpkg.com/signed-varint/-/signed-varint-2.0.1.tgz#50a9989da7c98c2c61dad119bc97470ef8528129"
  integrity sha1-UKmYnafJjCxh2tEZvJdHDvhSgSk=
  dependencies:
    varint "~5.0.0"

simple-peer@^9.6.2:
  version "9.11.0"
  resolved "https://registry.yarnpkg.com/simple-peer/-/simple-peer-9.11.0.tgz#e8d27609c7a610c3ddd75767da868e8daab67571"
  integrity sha512-qvdNu/dGMHBm2uQ7oLhQBMhYlrOZC1ywXNCH/i8I4etxR1vrjCnU6ZSQBptndB1gcakjo2+w4OHo7Sjza1SHxg==
  dependencies:
    buffer "^6.0.3"
    debug "^4.3.1"
    err-code "^3.0.1"
    get-browser-rtc "^1.1.0"
    queue-microtask "^1.2.3"
    randombytes "^2.1.0"
    readable-stream "^3.6.0"

simple-websocket@^9.0.0:
  version "9.1.0"
  resolved "https://registry.yarnpkg.com/simple-websocket/-/simple-websocket-9.1.0.tgz#91cbb39eafefbe7e66979da6c639109352786a7f"
  integrity sha512-8MJPnjRN6A8UCp1I+H/dSFyjwJhp6wta4hsVRhjf8w9qBHRzxYt14RaOcjvQnhD1N4yKOddEjflwMnQM4VtXjQ==
  dependencies:
    debug "^4.3.1"
    queue-microtask "^1.2.2"
    randombytes "^2.1.0"
    readable-stream "^3.6.0"
    ws "^7.4.2"

siphash24@^1.0.1:
  version "1.2.0"
  resolved "https://registry.yarnpkg.com/siphash24/-/siphash24-1.2.0.tgz#336fae17d3c11a4e46a71b0ff6052e8fd5de3ecc"
  integrity sha512-51yTA4ZqBY0tHTsBVGy3KAmMI7ArtwSOSmfFwJnZHFL+K76RMzZLx4m59HY5HSByjGHF3q+Fmcl8e5bMF160iQ==
  dependencies:
    nanoassert "^2.0.0"

socket-signal-websocket@^9.1.0:
  version "9.2.4"
  resolved "https://registry.yarnpkg.com/socket-signal-websocket/-/socket-signal-websocket-9.2.4.tgz#6cba3270a395281ea3454e2f4ec94737f70baec5"
  integrity sha512-OtBtzKRtGZX2+FN5EGsbckYSM+sVwSqBM1zDQ2Szg2lLwPccol1kONpqc+BveWTiis+j8HBjFBc3BQWO0XQePg==
  dependencies:
    delay "^5.0.0"
    isomorphic-ws "^4.0.1"
    minimist "^1.2.5"
    nanocustomassert "^1.0.0"
    reconnecting-websocket "^4.4.0"
    simple-websocket "^9.0.0"
    socket-signal "^9.2.0"
    ws "^8.2.1"

socket-signal@^9.2.0:
  version "9.2.1"
  resolved "https://registry.yarnpkg.com/socket-signal/-/socket-signal-9.2.1.tgz#0c07fe6342de34bf7c7d6c44d5385be8faa5f5fe"
  integrity sha512-Q38YElCX6Z1PvaYgqFFA2V45nWiDEYrjVQrs3+5zDNQTY/Kb+JUKRSTnUocHylIZyED6nXqO5/WSBHkFKcvSJw==
  dependencies:
    debug "^4.1.1"
    end-of-stream "^1.4.4"
    fastq "^1.8.0"
    nanocustomassert "^1.0.0"
    nanoerror "^1.0.0"
    nanomessage-rpc "^3.2.0"
    nanoresource-promise "^2.0.0"
    p-event "^4.1.0"
    p-limit "^3.0.2"
    simple-peer "^9.6.2"

sodium-javascript@~0.7.2:
  version "0.7.4"
  resolved "https://registry.yarnpkg.com/sodium-javascript/-/sodium-javascript-0.7.4.tgz#95948d1f47c673aeea9a57d7c525dead1d9cda44"
  integrity sha512-YUkucU81C0SUYzxcFFLOupOj89BlKA8MU8iTc7vTtd9hwgM/Awxwzz3tuoLGLHhnMxotUBB7Xl0rBeSoIn2yGQ==
  dependencies:
    blake2b "^2.1.1"
    chacha20-universal "^1.0.4"
    nanoassert "^2.0.0"
    sha256-universal "^1.1.0"
    sha512-universal "^1.1.0"
    siphash24 "^1.0.1"
    xsalsa20 "^1.0.0"

sodium-native@^3.0.1, sodium-native@^3.1.1, sodium-native@^3.2.0:
  version "3.3.0"
  resolved "https://registry.yarnpkg.com/sodium-native/-/sodium-native-3.3.0.tgz#50ee52ac843315866cce3d0c08ab03eb78f22361"
  integrity sha512-rg6lCDM/qa3p07YGqaVD+ciAbUqm6SoO4xmlcfkbU5r1zIGrguXztLiEtaLYTV5U6k8KSIUFmnU3yQUSKmf6DA==
  dependencies:
    node-gyp-build "^4.3.0"

sodium-universal@^3.0.4:
  version "3.0.4"
  resolved "https://registry.yarnpkg.com/sodium-universal/-/sodium-universal-3.0.4.tgz#93e08eb9fcef05d26dddd9215bf0c770b6c87b7b"
  integrity sha512-WnBQ0GDo/82shKQHZBZT9h4q4miCtxkbzcwVLsCBPWNq4qbq8BXhKICt9nPwQAsJ43ct/rF61FKu4t0druUBug==
  dependencies:
    blake2b "^2.1.1"
    chacha20-universal "^1.0.4"
    nanoassert "^2.0.0"
    resolve "^1.17.0"
    sha256-universal "^1.1.0"
    sha512-universal "^1.1.0"
    siphash24 "^1.0.1"
    sodium-javascript "~0.7.2"
    sodium-native "^3.2.0"
    xsalsa20 "^1.0.0"

speedometer@^1.1.0:
  version "1.1.0"
  resolved "https://registry.yarnpkg.com/speedometer/-/speedometer-1.1.0.tgz#a30b13abda45687a1a76977012c060f2ac8a7934"
  integrity sha512-z/wAiTESw2XVPssY2XRcme4niTc4S5FkkJ4gknudtVoc33Zil8TdTxHy5torRcgqMqksJV2Yz8HQcvtbsnw0mQ==

"statuses@>= 1.5.0 < 2", statuses@~1.5.0:
  version "1.5.0"
  resolved "https://registry.yarnpkg.com/statuses/-/statuses-1.5.0.tgz#161c7dac177659fd9811f43771fa99381478628c"
  integrity sha1-Fhx9rBd2Wf2YEfQ3cfqZOBR4Yow=

stream-collector@^1.0.1:
  version "1.0.1"
  resolved "https://registry.yarnpkg.com/stream-collector/-/stream-collector-1.0.1.tgz#4d4e55f171356121b2c5f6559f944705ab28db15"
  integrity sha1-TU5V8XE1YSGyxfZVn5RHBaso2xU=
  dependencies:
    once "^1.3.1"

stream-shift@^1.0.0:
  version "1.0.1"
  resolved "https://registry.yarnpkg.com/stream-shift/-/stream-shift-1.0.1.tgz#d7088281559ab2778424279b0877da3c392d5a3d"
  integrity sha512-AiisoFqQ0vbGcZgQPY1cdP2I76glaVA/RauYR4G4thNFgkTqr90yXTo4LYX60Jl+sIlPNHHdGSwo01AvbKUSVQ==

string_decoder@^1.1.1:
  version "1.3.0"
  resolved "https://registry.yarnpkg.com/string_decoder/-/string_decoder-1.3.0.tgz#42f114594a46cf1a8e30b0a84f56c78c3edac21e"
  integrity sha512-hkRX8U1WjJFd8LsDJ2yQ/wWWxaopEsABU1XfkM8A+j0+85JAGppt16cr1Whg6KIbb4okU6Mql6BOj+uup/wKeA==
  dependencies:
    safe-buffer "~5.2.0"

string_decoder@~1.1.1:
  version "1.1.1"
  resolved "https://registry.yarnpkg.com/string_decoder/-/string_decoder-1.1.1.tgz#9cf1611ba62685d7030ae9e4ba34149c3af03fc8"
  integrity sha512-n/ShnvDi6FHbbVfviro+WojiFzv+s8MPMHBczVePfUpDJLwoLT0ht1l4YwBCbi8pJAveEEdnkHyPyTP/mzRfwg==
  dependencies:
    safe-buffer "~5.1.0"

text-encoding@^0.7.0:
  version "0.7.0"
  resolved "https://registry.yarnpkg.com/text-encoding/-/text-encoding-0.7.0.tgz#f895e836e45990624086601798ea98e8f36ee643"
  integrity sha512-oJQ3f1hrOnbRLOcwKz0Liq2IcrvDeZRHXhd9RgLrsT+DjWY/nty1Hi7v3dtkaEYbPYe0mUoOfzRrMwfXXwgPUA==

thunky@^1.0.2:
  version "1.1.0"
  resolved "https://registry.yarnpkg.com/thunky/-/thunky-1.1.0.tgz#5abaf714a9405db0504732bbccd2cedd9ef9537d"
  integrity sha512-eHY7nBftgThBqOyHGVN+l8gF0BucP09fMo0oO/Lb0w1OF80dJv+lDVpXG60WMQvkcxAkNybKsrEIE3ZtKGmPrA==

time-ordered-set@^1.0.1:
  version "1.0.2"
  resolved "https://registry.yarnpkg.com/time-ordered-set/-/time-ordered-set-1.0.2.tgz#3bd931fc048234147f8c2b8b1ebbebb0a3ecb96f"
  integrity sha512-vGO99JkxvgX+u+LtOKQEpYf31Kj3i/GNwVstfnh4dyINakMgeZCpew1e3Aj+06hEslhtHEd52g7m5IV+o1K8Mw==

timeout-refresh@^1.0.0, timeout-refresh@^1.0.2:
  version "1.0.3"
  resolved "https://registry.yarnpkg.com/timeout-refresh/-/timeout-refresh-1.0.3.tgz#7024a8ce0a09a57acc2ea86002048e6c0bff7375"
  integrity sha512-Mz0CX4vBGM5lj8ttbIFt7o4ZMxk/9rgudJRh76EvB7xXZMur7T/cjRiH2w4Fmkq0zxf2QpM8IFvOSRn8FEu3gA==

toidentifier@1.0.0:
  version "1.0.0"
  resolved "https://registry.yarnpkg.com/toidentifier/-/toidentifier-1.0.0.tgz#7e1be3470f1e77948bc43d94a3c8f4d7752ba553"
  integrity sha512-yaOH/Pk/VEhBWWTlhI+qXxDFXlejDGcQipMlyxda9nthulaxLZUNcUqFxokp0vcYnvteJln5FNQDRrxj3YcbVw==

tslib@^2.0.0, tslib@^2.3.0, tslib@^2.3.1:
  version "2.3.1"
  resolved "https://registry.yarnpkg.com/tslib/-/tslib-2.3.1.tgz#e8a335add5ceae51aa261d32a490158ef042ef01"
  integrity sha512-77EbyPPpMz+FRFRuAFlWMtmgUWGe9UOG2Z25NqCwiIjRhOf5iKGuzSe5P2w1laq+FkRy4p+PCuVkJSGkzTEKVw==

tslib@~2.1.0:
  version "2.1.0"
  resolved "https://registry.yarnpkg.com/tslib/-/tslib-2.1.0.tgz#da60860f1c2ecaa5703ab7d39bc05b6bf988b97a"
  integrity sha512-hcVC3wYEziELGGmEEXue7D75zbwIIVUMWAVbHItGPx0ziyXxrOMQx4rQEVEV45Ut/1IotuEvwqPopzIOkDMf0A==

ultron@~1.1.0:
  version "1.1.1"
  resolved "https://registry.yarnpkg.com/ultron/-/ultron-1.1.1.tgz#9fe1536a10a664a65266a1e3ccf85fd36302bc9c"
  integrity sha512-UIEXBNeYmKptWH6z8ZnqTeS8fV74zG0/eRU9VGkpzz+LIJNs8W/zM/L+7ctCkRrgbNnnR0xxw4bKOr0cW0N0Og==

unordered-set@^2.0.1:
  version "2.0.1"
  resolved "https://registry.yarnpkg.com/unordered-set/-/unordered-set-2.0.1.tgz#4cd0fe27b8814bcf5d6073e5f0966ec7a50841e6"
  integrity sha512-eUmNTPzdx+q/WvOHW0bgGYLWvWHNT3PTKEQLg0MAQhc0AHASHVHoP/9YytYd4RBVariqno/mEUhVZN98CmD7bg==

util-deprecate@^1.0.1, util-deprecate@~1.0.1:
  version "1.0.2"
  resolved "https://registry.yarnpkg.com/util-deprecate/-/util-deprecate-1.0.2.tgz#450d4dc9fa70de732762fbd2d4a28981419a0ccf"
  integrity sha1-RQ1Nyfpw3nMnYvvS1KKJgUGaDM8=

utp-native@^2.2.1:
  version "2.5.3"
  resolved "https://registry.yarnpkg.com/utp-native/-/utp-native-2.5.3.tgz#7c04c2a8c2858716555a77d10adb9819e3119b25"
  integrity sha512-sWTrWYXPhhWJh+cS2baPzhaZc89zwlWCfwSthUjGhLkZztyPhcQllo+XVVCbNGi7dhyRlxkWxN4NKU6FbA9Y8w==
  dependencies:
    napi-macros "^2.0.0"
    node-gyp-build "^4.2.0"
    readable-stream "^3.0.2"
    timeout-refresh "^1.0.0"
    unordered-set "^2.0.1"

uuid@^8.3.2:
  version "8.3.2"
  resolved "https://registry.yarnpkg.com/uuid/-/uuid-8.3.2.tgz#80d5b5ced271bb9af6c445f21a1a04c606cefbe2"
  integrity sha512-+NYs2QeMWy+GWFOEm9xnn6HCDp0l7QBD7ml8zLUmJ+93Q5NF0NocErnwkTkXVFNiX3/fpC6afS8Dhb/gz7R7eg==

varint@5.0.0:
  version "5.0.0"
  resolved "https://registry.yarnpkg.com/varint/-/varint-5.0.0.tgz#d826b89f7490732fabc0c0ed693ed475dcb29ebf"
  integrity sha1-2Ca4n3SQcy+rwMDtaT7Uddyynr8=

varint@^5.0.0, varint@~5.0.0:
  version "5.0.2"
  resolved "https://registry.yarnpkg.com/varint/-/varint-5.0.2.tgz#5b47f8a947eb668b848e034dcfa87d0ff8a7f7a4"
  integrity sha512-lKxKYG6H03yCZUpAGOPOsMcGxd1RHCu1iKvEHYDPmTyq2HueGhD73ssNBqqQWfvYs04G9iUFRvmAVLW20Jw6ow==

webcrypto-core@^1.3.0:
  version "1.3.0"
  resolved "https://registry.yarnpkg.com/webcrypto-core/-/webcrypto-core-1.3.0.tgz#848c5af59785634de1408e7b8a659c14738f4cab"
  integrity sha512-/+Hz+uNM6T8FtizWRYMNdGTXxWaljLFzQ5GKU4WqCTZKpaki94YqDA39h/SpWxEZfgkVMZzrqqtPlfy2+BloQw==
  dependencies:
    "@peculiar/asn1-schema" "^2.0.38"
    "@peculiar/json-schema" "^1.1.12"
    asn1js "^2.1.1"
    pvtsutils "^1.2.0"
    tslib "^2.3.1"

websocket-stream@^5.5.0, websocket-stream@^5.5.2:
  version "5.5.2"
  resolved "https://registry.yarnpkg.com/websocket-stream/-/websocket-stream-5.5.2.tgz#49d87083d96839f0648f5513bbddd581f496b8a2"
  integrity sha512-8z49MKIHbGk3C4HtuHWDtYX8mYej1wWabjthC/RupM9ngeukU4IWoM46dgth1UOS/T4/IqgEdCDJuMe2039OQQ==
  dependencies:
    duplexify "^3.5.1"
    inherits "^2.0.1"
    readable-stream "^2.3.3"
    safe-buffer "^5.1.2"
    ws "^3.2.0"
    xtend "^4.0.0"

wrappy@1:
  version "1.0.2"
  resolved "https://registry.yarnpkg.com/wrappy/-/wrappy-1.0.2.tgz#b5243d8f3ec1aa35f1364605bc0d1036e30ab69f"
  integrity sha1-tSQ9jz7BqjXxNkYFvA0QNuMKtp8=

ws@^3.2.0:
  version "3.3.3"
  resolved "https://registry.yarnpkg.com/ws/-/ws-3.3.3.tgz#f1cf84fe2d5e901ebce94efaece785f187a228f2"
  integrity sha512-nnWLa/NwZSt4KQJu51MYlCcSQ5g7INpOrOMt4XV8j4dqTXdmlUmSHQ8/oLC069ckre0fRsgfvsKwbTdtKLCDkA==
  dependencies:
    async-limiter "~1.0.0"
    safe-buffer "~5.1.0"
    ultron "~1.1.0"

ws@^7.2.1, ws@^7.4.2:
  version "7.5.5"
  resolved "https://registry.yarnpkg.com/ws/-/ws-7.5.5.tgz#8b4bc4af518cfabd0473ae4f99144287b33eb881"
  integrity sha512-BAkMFcAzl8as1G/hArkxOxq3G7pjUqQ3gzYbLL0/5zNkph70e+lCoxBGnm6AW1+/aiNeV4fnKqZ8m4GZewmH2w==

ws@^8.2.1:
  version "8.2.3"
  resolved "https://registry.yarnpkg.com/ws/-/ws-8.2.3.tgz#63a56456db1b04367d0b721a0b80cae6d8becbba"
  integrity sha512-wBuoj1BDpC6ZQ1B7DWQBYVLphPWkm8i9Y0/3YdHjHKHiohOJ1ws+3OccDWtH+PoC9DZD5WOTrJvNbWvjS6JWaA==

xor-distance@^2.0.0:
  version "2.0.0"
  resolved "https://registry.yarnpkg.com/xor-distance/-/xor-distance-2.0.0.tgz#cad3920d3a1e3d73eeedc61a554e51972dae0798"
  integrity sha512-AsAqZfPAuWx7qB/0kyRDUEvoU3QKsHWzHU9smFlkaiprEpGfJ/NBbLze2Uq0rdkxCxkNM9uOLvz/KoNBCbZiLQ==

xsalsa20@^1.0.0:
  version "1.1.0"
  resolved "https://registry.yarnpkg.com/xsalsa20/-/xsalsa20-1.1.0.tgz#bee27174af1913aaec0fe677d8ba161ec12bf87d"
  integrity sha512-zd3ytX2cm+tcSndRU+krm0eL4TMMpZE7evs5hLRAoOy6gviqLfe3qOlkjF3i5SeAkQUCeJk0lJZrEU56kHRfWw==

xtend@^4.0.0:
  version "4.0.2"
  resolved "https://registry.yarnpkg.com/xtend/-/xtend-4.0.2.tgz#bb72779f5fa465186b1f438f674fa347fdb5db54"
  integrity sha512-LKYU1iAXJXUgAXn9URjiu+MWhyUXHsvfp7mcuYm9dSUKK0/CjtrUwFAxD82/mCWbtLsGjFIad0wIsod4zrTAEQ==

yocto-queue@^0.1.0:
  version "0.1.0"
  resolved "https://registry.yarnpkg.com/yocto-queue/-/yocto-queue-0.1.0.tgz#0294eb3dee05028d31ee1a5fa2c556a6aaf10a1b"
  integrity sha512-rVksvsnNCdJ/ohGc6xgPwyN8eheCxsiLM8mxuE/t/mOVqJewPuO1miLpTHQiRgTKCLexL4MeAFVagts7HmNZ2Q==
